# This file is generated by running "yarn install" inside your project.
# Manual changes might be lost - proceed with caution!

__metadata:
  version: 8
  cacheKey: 10c0

"@fastify/busboy@npm:^2.0.0":
  version: 2.1.1
  resolution: "@fastify/busboy@npm:2.1.1"
  checksum: 10c0/6f8027a8cba7f8f7b736718b013f5a38c0476eea67034c94a0d3c375e2b114366ad4419e6a6fa7ffc2ef9c6d3e0435d76dd584a7a1cbac23962fda7650b579e3
  languageName: node
  linkType: hard

"@types/node@npm:^20.14.0":
  version: 20.14.0
  resolution: "@types/node@npm:20.14.0"
  dependencies:
    undici-types: "npm:~5.26.4"
  checksum: 10c0/29ccc7592e9ca6b81d00f3a6673241d08e9042d801b10adfd9ebcbbf326208e0a0133a8d146158db18d02a68b85d9ce1fd94e6e1e5be0da263129bf6e42eb22d
  languageName: node
  linkType: hard

"@types/retry@npm:0.12.2":
  version: 0.12.2
  resolution: "@types/retry@npm:0.12.2"
  checksum: 10c0/07481551a988cc90b423351919928b9ddcd14e3f5591cac3ab950851bb20646e55a10e89141b38bc3093d2056d4df73700b22ff2612976ac86a6367862381884
  languageName: node
  linkType: hard

"acorn@npm:^8.8.0":
  version: 8.11.3
  resolution: "acorn@npm:8.11.3"
  bin:
    acorn: bin/acorn
  checksum: 10c0/3ff155f8812e4a746fee8ecff1f227d527c4c45655bb1fad6347c3cb58e46190598217551b1500f18542d2bbe5c87120cb6927f5a074a59166fbdd9468f0a299
  languageName: node
  linkType: hard

"is-network-error@npm:^1.0.0":
  version: 1.1.0
  resolution: "is-network-error@npm:1.1.0"
  checksum: 10c0/89eef83c2a4cf43d853145ce175d1cf43183b7a58d48c7a03e7eed4eb395d0934c1f6d101255cdd8c8c2980ab529bfbe5dd9edb24e1c3c28d2b3c814469b5b7d
  languageName: node
  linkType: hard

"jintr@npm:^1.1.0":
  version: 1.1.0
  resolution: "jintr@npm:1.1.0"
  dependencies:
    acorn: "npm:^8.8.0"
  checksum: 10c0/af233341ed7cc6374b64cb8a2c7f7434801e9814b8db6e116fe356985c2aa372538567c8f2d01d1b3754ddfb37da585dce2adbf63f335211cfab338ce939c698
  languageName: node
  linkType: hard

"p-retry@npm:^6.2.0":
  version: 6.2.0
  resolution: "p-retry@npm:6.2.0"
  dependencies:
    "@types/retry": "npm:0.12.2"
    is-network-error: "npm:^1.0.0"
    retry: "npm:^0.13.1"
  checksum: 10c0/3277f2a8450fb1429c29c432d24c5965b32f187228f1beea56f5d49209717588a7dc0415def1c653f60e0d15ed72c56dacaa2d5fdfa71b0f860592b0aa6ce823
  languageName: node
  linkType: hard

"retry@npm:^0.13.1":
  version: 0.13.1
  resolution: "retry@npm:0.13.1"
  checksum: 10c0/9ae822ee19db2163497e074ea919780b1efa00431d197c7afdb950e42bf109196774b92a49fc9821f0b8b328a98eea6017410bfc5e8a0fc19c85c6d11adb3772
  languageName: node
  linkType: hard

"tslib@npm:^2.5.0":
  version: 2.6.2
  resolution: "tslib@npm:2.6.2"
  checksum: 10c0/e03a8a4271152c8b26604ed45535954c0a45296e32445b4b87f8a5abdb2421f40b59b4ca437c4346af0f28179780d604094eb64546bee2019d903d01c6c19bdb
  languageName: node
  linkType: hard

"undici-types@npm:~5.26.4":
  version: 5.26.5
  resolution: "undici-types@npm:5.26.5"
  checksum: 10c0/bb673d7876c2d411b6eb6c560e0c571eef4a01c1c19925175d16e3a30c4c428181fb8d7ae802a261f283e4166a0ac435e2f505743aa9e45d893f9a3df017b501
  languageName: node
  linkType: hard

"undici@npm:^5.19.1":
  version: 5.28.4
  resolution: "undici@npm:5.28.4"
  dependencies:
    "@fastify/busboy": "npm:^2.0.0"
  checksum: 10c0/08d0f2596553aa0a54ca6e8e9c7f45aef7d042c60918564e3a142d449eda165a80196f6ef19ea2ef2e6446959e293095d8e40af1236f0d67223b06afac5ecad7
  languageName: node
  linkType: hard

"youtube-import-playlist@workspace:.":
  version: 0.0.0-use.local
  resolution: "youtube-import-playlist@workspace:."
  dependencies:
    "@types/node": "npm:^20.14.0"
    p-retry: "npm:^6.2.0"
    youtubei.js: "npm:^9.4.0"
  languageName: unknown
  linkType: soft

"youtubei.js@npm:^9.4.0":
  version: 9.4.0
  resolution: "youtubei.js@npm:9.4.0"
  dependencies:
    jintr: "npm:^1.1.0"
    tslib: "npm:^2.5.0"
    undici: "npm:^5.19.1"
  checksum: 10c0/9cb97e1a89e4e903e0d1c90e99ed4685e90a0ce4cb432e261c9172b7459da318301047c63877b12d53d14c0d1a40da722b7dfe1229c4e333a8cc679af4e2cea1
  languageName: node
  linkType: hard
